
Microsoft Visual Studio Solution File, Format Version 12.00
# Visual Studio Version 17
VisualStudioVersion = 17.3.32825.248
MinimumVisualStudioVersion = 10.0.40219.1
Project("{2150E333-8FDC-42A3-9474-1A3956D46DE8}") = "Services", "Services", "{47087729-4F7E-4FF6-BF7E-DA0EE17E9536}"
EndProject
Project("{2150E333-8FDC-42A3-9474-1A3956D46DE8}") = "Catalog", "Catalog", "{EA35C732-A155-4778-B76B-14D6E716E4FB}"
EndProject
Project("{9A19103F-16F7-4668-BE54-9A1E7A4F7556}") = "Catalog.Api", "Services\Catalog\Catalog.Api\Catalog.Api.csproj", "{238767F7-5627-4979-A8F1-656B82A37F12}"
EndProject
Project("{E53339B2-1760-4266-BCC7-CA923CBCF16C}") = "docker-compose", "docker-compose.dcproj", "{F18D4A93-1C77-4C51-82BC-A57171ACA7EA}"
EndProject
Global
	GlobalSection(SolutionConfigurationPlatforms) = preSolution
		Debug|Any CPU = Debug|Any CPU
		Release|Any CPU = Release|Any CPU
	EndGlobalSection
	GlobalSection(ProjectConfigurationPlatforms) = postSolution
		{238767F7-5627-4979-A8F1-656B82A37F12}.Debug|Any CPU.ActiveCfg = Debug|Any CPU
		{238767F7-5627-4979-A8F1-656B82A37F12}.Debug|Any CPU.Build.0 = Debug|Any CPU
		{238767F7-5627-4979-A8F1-656B82A37F12}.Release|Any CPU.ActiveCfg = Release|Any CPU
		{238767F7-5627-4979-A8F1-656B82A37F12}.Release|Any CPU.Build.0 = Release|Any CPU
		{F18D4A93-1C77-4C51-82BC-A57171ACA7EA}.Debug|Any CPU.ActiveCfg = Debug|Any CPU
		{F18D4A93-1C77-4C51-82BC-A57171ACA7EA}.Debug|Any CPU.Build.0 = Debug|Any CPU
		{F18D4A93-1C77-4C51-82BC-A57171ACA7EA}.Release|Any CPU.ActiveCfg = Release|Any CPU
		{F18D4A93-1C77-4C51-82BC-A57171ACA7EA}.Release|Any CPU.Build.0 = Release|Any CPU
	EndGlobalSection
	GlobalSection(SolutionProperties) = preSolution
		HideSolutionNode = FALSE
	EndGlobalSection
	GlobalSection(NestedProjects) = preSolution
		{EA35C732-A155-4778-B76B-14D6E716E4FB} = {47087729-4F7E-4FF6-BF7E-DA0EE17E9536}
		{238767F7-5627-4979-A8F1-656B82A37F12} = {EA35C732-A155-4778-B76B-14D6E716E4FB}
	EndGlobalSection
	GlobalSection(ExtensibilityGlobals) = postSolution
		SolutionGuid = {5F0CF8A2-25A3-43A3-B4B5-5EC624D90238}
	EndGlobalSection
EndGlobal
